
Microsoft Visual Studio Solution File, Format Version 12.00
# Visual Studio 2013
VisualStudioVersion = 12.0.40629.0
MinimumVisualStudioVersion = 10.0.40219.1
Project("{8BC9CEB8-8B4A-11D0-8D11-00A0C91BC942}") = "AmbLibcpp", "amblibcpp\amblibcpp.2013.vcxproj", "{87F0CE21-9CA6-448A-ACE8-B7FC9771DC87}"
EndProject
Project("{8BC9CEB8-8B4A-11D0-8D11-00A0C91BC942}") = "AmbLibcppTest", "amblibcppTest\amblibcppTest.2013.vcxproj", "{7CFC8D65-9252-4C04-9337-545EB49A5B2D}"
EndProject
Project("{FAE04EC0-301F-11D3-BF4B-00C04F79EFBC}") = "AmbLibcppTestCS", "amblibcppTestCS\AmbLibcppTestCS.csproj", "{777B449C-6C87-468B-AAC1-D3830A2A854B}"
EndProject
Project("{FAE04EC0-301F-11D3-BF4B-00C04F79EFBC}") = "AmbLibcppStub", "amblibcppStub\AmbLibcppStub.csproj", "{A0BC7144-D87F-4F67-9DD0-D4F0136C4A87}"
EndProject
Global
	GlobalSection(SolutionConfigurationPlatforms) = preSolution
		Debug|Win32 = Debug|Win32
		Debug|x64 = Debug|x64
		Debug|x86 = Debug|x86
		Release|Win32 = Release|Win32
		Release|x64 = Release|x64
		Release|x86 = Release|x86
	EndGlobalSection
	GlobalSection(ProjectConfigurationPlatforms) = postSolution
		{87F0CE21-9CA6-448A-ACE8-B7FC9771DC87}.Debug|Win32.ActiveCfg = Debug|Win32
		{87F0CE21-9CA6-448A-ACE8-B7FC9771DC87}.Debug|Win32.Build.0 = Debug|Win32
		{87F0CE21-9CA6-448A-ACE8-B7FC9771DC87}.Debug|x64.ActiveCfg = Debug|x64
		{87F0CE21-9CA6-448A-ACE8-B7FC9771DC87}.Debug|x64.Build.0 = Debug|x64
		{87F0CE21-9CA6-448A-ACE8-B7FC9771DC87}.Debug|x86.ActiveCfg = Debug|Win32
		{87F0CE21-9CA6-448A-ACE8-B7FC9771DC87}.Debug|x86.Build.0 = Debug|Win32
		{87F0CE21-9CA6-448A-ACE8-B7FC9771DC87}.Release|Win32.ActiveCfg = Release|Win32
		{87F0CE21-9CA6-448A-ACE8-B7FC9771DC87}.Release|Win32.Build.0 = Release|Win32
		{87F0CE21-9CA6-448A-ACE8-B7FC9771DC87}.Release|x64.ActiveCfg = Release|x64
		{87F0CE21-9CA6-448A-ACE8-B7FC9771DC87}.Release|x64.Build.0 = Release|x64
		{87F0CE21-9CA6-448A-ACE8-B7FC9771DC87}.Release|x86.ActiveCfg = Release|Win32
		{87F0CE21-9CA6-448A-ACE8-B7FC9771DC87}.Release|x86.Build.0 = Release|Win32
		{7CFC8D65-9252-4C04-9337-545EB49A5B2D}.Debug|Win32.ActiveCfg = Debug|Win32
		{7CFC8D65-9252-4C04-9337-545EB49A5B2D}.Debug|Win32.Build.0 = Debug|Win32
		{7CFC8D65-9252-4C04-9337-545EB49A5B2D}.Debug|x64.ActiveCfg = Debug|x64
		{7CFC8D65-9252-4C04-9337-545EB49A5B2D}.Debug|x64.Build.0 = Debug|x64
		{7CFC8D65-9252-4C04-9337-545EB49A5B2D}.Debug|x86.ActiveCfg = Debug|Win32
		{7CFC8D65-9252-4C04-9337-545EB49A5B2D}.Debug|x86.Build.0 = Debug|Win32
		{7CFC8D65-9252-4C04-9337-545EB49A5B2D}.Release|Win32.ActiveCfg = Release|Win32
		{7CFC8D65-9252-4C04-9337-545EB49A5B2D}.Release|Win32.Build.0 = Release|Win32
		{7CFC8D65-9252-4C04-9337-545EB49A5B2D}.Release|x64.ActiveCfg = Release|x64
		{7CFC8D65-9252-4C04-9337-545EB49A5B2D}.Release|x64.Build.0 = Release|x64
		{7CFC8D65-9252-4C04-9337-545EB49A5B2D}.Release|x86.ActiveCfg = Release|Win32
		{7CFC8D65-9252-4C04-9337-545EB49A5B2D}.Release|x86.Build.0 = Release|Win32
		{777B449C-6C87-468B-AAC1-D3830A2A854B}.Debug|Win32.ActiveCfg = Debug|Any CPU
		{777B449C-6C87-468B-AAC1-D3830A2A854B}.Debug|Win32.Build.0 = Debug|Any CPU
		{777B449C-6C87-468B-AAC1-D3830A2A854B}.Debug|x64.ActiveCfg = Debug|Any CPU
		{777B449C-6C87-468B-AAC1-D3830A2A854B}.Debug|x86.ActiveCfg = Debug|x86
		{777B449C-6C87-468B-AAC1-D3830A2A854B}.Debug|x86.Build.0 = Debug|x86
		{777B449C-6C87-468B-AAC1-D3830A2A854B}.Release|Win32.ActiveCfg = Release|Any CPU
		{777B449C-6C87-468B-AAC1-D3830A2A854B}.Release|Win32.Build.0 = Release|Any CPU
		{777B449C-6C87-468B-AAC1-D3830A2A854B}.Release|x64.ActiveCfg = Release|Any CPU
		{777B449C-6C87-468B-AAC1-D3830A2A854B}.Release|x86.ActiveCfg = Release|x86
		{777B449C-6C87-468B-AAC1-D3830A2A854B}.Release|x86.Build.0 = Release|x86
		{A0BC7144-D87F-4F67-9DD0-D4F0136C4A87}.Debug|Win32.ActiveCfg = Debug|Any CPU
		{A0BC7144-D87F-4F67-9DD0-D4F0136C4A87}.Debug|Win32.Build.0 = Debug|Any CPU
		{A0BC7144-D87F-4F67-9DD0-D4F0136C4A87}.Debug|x64.ActiveCfg = Debug|Any CPU
		{A0BC7144-D87F-4F67-9DD0-D4F0136C4A87}.Debug|x86.ActiveCfg = Debug|x86
		{A0BC7144-D87F-4F67-9DD0-D4F0136C4A87}.Debug|x86.Build.0 = Debug|x86
		{A0BC7144-D87F-4F67-9DD0-D4F0136C4A87}.Release|Win32.ActiveCfg = Release|Any CPU
		{A0BC7144-D87F-4F67-9DD0-D4F0136C4A87}.Release|Win32.Build.0 = Release|Any CPU
		{A0BC7144-D87F-4F67-9DD0-D4F0136C4A87}.Release|x64.ActiveCfg = Release|Any CPU
		{A0BC7144-D87F-4F67-9DD0-D4F0136C4A87}.Release|x86.ActiveCfg = Release|x86
		{A0BC7144-D87F-4F67-9DD0-D4F0136C4A87}.Release|x86.Build.0 = Release|x86
	EndGlobalSection
	GlobalSection(SolutionProperties) = preSolution
		HideSolutionNode = FALSE
	EndGlobalSection
EndGlobal
