<?xml version="1.0" encoding="utf-8"?>
<Project ToolsVersion="4.0" xmlns="http://schemas.microsoft.com/developer/msbuild/2003">
  <ItemGroup>
    <Filter Include="Source">
      <UniqueIdentifier>{4FC737F1-C7A5-4376-A066-2A32D752A2FF}</UniqueIdentifier>
      <Extensions>cpp;c;cc;cxx;def;odl;idl;hpj;bat;asm;asmx</Extensions>
    </Filter>
    <Filter Include="Header">
      <UniqueIdentifier>{93995380-89BD-4b04-88EB-625FBE52EBFB}</UniqueIdentifier>
      <Extensions>h;hpp;hxx;hm;inl;inc;xsd</Extensions>
    </Filter>
  </ItemGroup>
  <ItemGroup>
    <ClCompile Include="AssemblyInfo.cpp">
      <Filter>Source</Filter>
    </ClCompile>
    <ClCompile Include="Stdafx.cpp">
      <Filter>Source</Filter>
    </ClCompile>
    <ClCompile Include="..\..\lsMisc\SHMoveFile.cpp">
      <Filter>Source</Filter>
    </ClCompile>
    <ClCompile Include="..\..\lsMisc\cppclr\clrString.cpp">
      <Filter>Source</Filter>
    </ClCompile>
    <ClCompile Include="..\..\lsMisc\GetLastErrorString.cpp">
      <Filter>Source</Filter>
    </ClCompile>
    <ClCompile Include="AmbLibcpp.cpp">
      <Filter>Source</Filter>
    </ClCompile>
    <ClCompile Include="..\..\lsMisc\CenterWindow.cpp">
      <Filter>Source</Filter>
    </ClCompile>
    <ClCompile Include="..\..\lsMisc\browseFolder.cpp">
      <Filter>Source</Filter>
    </ClCompile>
    <ClCompile Include="..\..\lsMisc\OpenCommon.cpp">
      <Filter>Source</Filter>
    </ClCompile>
    <ClCompile Include="..\..\lsMisc\stdwin32\stdwin32.cpp">
      <Filter>Source</Filter>
    </ClCompile>
    <ClCompile Include="..\..\lsMisc\GetVersionString.cpp">
      <Filter>Source</Filter>
    </ClCompile>
  </ItemGroup>
  <ItemGroup>
    <ClInclude Include="Stdafx.h">
      <Filter>Header</Filter>
    </ClInclude>
    <ClInclude Include="..\..\lsMisc\SHMoveFile.h">
      <Filter>Header</Filter>
    </ClInclude>
    <ClInclude Include="..\..\lsMisc\cppclr\clrString.h">
      <Filter>Header</Filter>
    </ClInclude>
    <ClInclude Include="..\..\lsMisc\GetLastErrorString.h">
      <Filter>Header</Filter>
    </ClInclude>
    <ClInclude Include="AmbLibcpp.h">
      <Filter>Header</Filter>
    </ClInclude>
    <ClInclude Include="..\..\lsMisc\CenterWindow.h">
      <Filter>Header</Filter>
    </ClInclude>
    <ClInclude Include="..\..\lsMisc\browseFolder.h">
      <Filter>Header</Filter>
    </ClInclude>
    <ClInclude Include="..\..\lsMisc\OpenCommon.h">
      <Filter>Header</Filter>
    </ClInclude>
    <ClInclude Include="..\..\lsMisc\stdwin32\stdwin32.h">
      <Filter>Header</Filter>
    </ClInclude>
    <ClInclude Include="..\..\lsMisc\GetVersionString.h">
      <Filter>Header</Filter>
    </ClInclude>
  </ItemGroup>
</Project>